
Microsoft Visual Studio Solution File, Format Version 12.00
# Visual Studio Version 16
VisualStudioVersion = 16.0.31729.503
MinimumVisualStudioVersion = 10.0.40219.1
Project("{9A19103F-16F7-4668-BE54-9A1E7A4F7556}") = "CampIntro", "CampIntro\CampIntro.csproj", "{279EA5E1-BCCA-49BF-B0A9-20D764A2E33E}"
EndProject
Project("{9A19103F-16F7-4668-BE54-9A1E7A4F7556}") = "Loops", "Loops\Loops.csproj", "{A3B1790F-CA9C-497E-9BBC-6B2A061DCFC8}"
EndProject
Project("{9A19103F-16F7-4668-BE54-9A1E7A4F7556}") = "ClassIntro", "ClassIntro\ClassIntro.csproj", "{21D85AD1-2156-477F-89CE-0AFB4AD51DBB}"
EndProject
Project("{9A19103F-16F7-4668-BE54-9A1E7A4F7556}") = "Methods", "Methods\Methods.csproj", "{6DB0A169-4D1C-4981-8406-8742A5F3B5C7}"
EndProject
Project("{9A19103F-16F7-4668-BE54-9A1E7A4F7556}") = "Maths", "Maths\Maths.csproj", "{F5262019-E1D2-4C8D-9A14-FB2264F3092D}"
EndProject
Project("{FAE04EC0-301F-11D3-BF4B-00C04F79EFBC}") = "OOP1", "OOP1\OOP1.csproj", "{7F47C74D-D4FA-4F74-AFE9-EC241B9BE02E}"
EndProject
Project("{FAE04EC0-301F-11D3-BF4B-00C04F79EFBC}") = "Collections", "Collections\Collections.csproj", "{26EBEF19-4E9A-4926-9BC4-4F3C081E8E24}"
EndProject
Project("{FAE04EC0-301F-11D3-BF4B-00C04F79EFBC}") = "GenericsIntro", "GenericsIntro\GenericsIntro.csproj", "{78FFF7E7-0A38-4A4C-BF95-529DBD249499}"
EndProject
Project("{FAE04EC0-301F-11D3-BF4B-00C04F79EFBC}") = "OOP2", "OOP2\OOP2.csproj", "{0A5CEFB8-1CEF-4D15-A13B-FE73092FABE7}"
EndProject
Project("{FAE04EC0-301F-11D3-BF4B-00C04F79EFBC}") = "OOP3", "OOP3\OOP3.csproj", "{8C1CF2B5-C4B6-4A3C-B024-340288650CC3}"
EndProject
Global
	GlobalSection(SolutionConfigurationPlatforms) = preSolution
		Debug|Any CPU = Debug|Any CPU
		Release|Any CPU = Release|Any CPU
	EndGlobalSection
	GlobalSection(ProjectConfigurationPlatforms) = postSolution
		{279EA5E1-BCCA-49BF-B0A9-20D764A2E33E}.Debug|Any CPU.ActiveCfg = Debug|Any CPU
		{279EA5E1-BCCA-49BF-B0A9-20D764A2E33E}.Debug|Any CPU.Build.0 = Debug|Any CPU
		{279EA5E1-BCCA-49BF-B0A9-20D764A2E33E}.Release|Any CPU.ActiveCfg = Release|Any CPU
		{279EA5E1-BCCA-49BF-B0A9-20D764A2E33E}.Release|Any CPU.Build.0 = Release|Any CPU
		{A3B1790F-CA9C-497E-9BBC-6B2A061DCFC8}.Debug|Any CPU.ActiveCfg = Debug|Any CPU
		{A3B1790F-CA9C-497E-9BBC-6B2A061DCFC8}.Debug|Any CPU.Build.0 = Debug|Any CPU
		{A3B1790F-CA9C-497E-9BBC-6B2A061DCFC8}.Release|Any CPU.ActiveCfg = Release|Any CPU
		{A3B1790F-CA9C-497E-9BBC-6B2A061DCFC8}.Release|Any CPU.Build.0 = Release|Any CPU
		{21D85AD1-2156-477F-89CE-0AFB4AD51DBB}.Debug|Any CPU.ActiveCfg = Debug|Any CPU
		{21D85AD1-2156-477F-89CE-0AFB4AD51DBB}.Debug|Any CPU.Build.0 = Debug|Any CPU
		{21D85AD1-2156-477F-89CE-0AFB4AD51DBB}.Release|Any CPU.ActiveCfg = Release|Any CPU
		{21D85AD1-2156-477F-89CE-0AFB4AD51DBB}.Release|Any CPU.Build.0 = Release|Any CPU
		{6DB0A169-4D1C-4981-8406-8742A5F3B5C7}.Debug|Any CPU.ActiveCfg = Debug|Any CPU
		{6DB0A169-4D1C-4981-8406-8742A5F3B5C7}.Debug|Any CPU.Build.0 = Debug|Any CPU
		{6DB0A169-4D1C-4981-8406-8742A5F3B5C7}.Release|Any CPU.ActiveCfg = Release|Any CPU
		{6DB0A169-4D1C-4981-8406-8742A5F3B5C7}.Release|Any CPU.Build.0 = Release|Any CPU
		{F5262019-E1D2-4C8D-9A14-FB2264F3092D}.Debug|Any CPU.ActiveCfg = Debug|Any CPU
		{F5262019-E1D2-4C8D-9A14-FB2264F3092D}.Debug|Any CPU.Build.0 = Debug|Any CPU
		{F5262019-E1D2-4C8D-9A14-FB2264F3092D}.Release|Any CPU.ActiveCfg = Release|Any CPU
		{F5262019-E1D2-4C8D-9A14-FB2264F3092D}.Release|Any CPU.Build.0 = Release|Any CPU
		{7F47C74D-D4FA-4F74-AFE9-EC241B9BE02E}.Debug|Any CPU.ActiveCfg = Debug|Any CPU
		{7F47C74D-D4FA-4F74-AFE9-EC241B9BE02E}.Debug|Any CPU.Build.0 = Debug|Any CPU
		{7F47C74D-D4FA-4F74-AFE9-EC241B9BE02E}.Release|Any CPU.ActiveCfg = Release|Any CPU
		{7F47C74D-D4FA-4F74-AFE9-EC241B9BE02E}.Release|Any CPU.Build.0 = Release|Any CPU
		{26EBEF19-4E9A-4926-9BC4-4F3C081E8E24}.Debug|Any CPU.ActiveCfg = Debug|Any CPU
		{26EBEF19-4E9A-4926-9BC4-4F3C081E8E24}.Debug|Any CPU.Build.0 = Debug|Any CPU
		{26EBEF19-4E9A-4926-9BC4-4F3C081E8E24}.Release|Any CPU.ActiveCfg = Release|Any CPU
		{26EBEF19-4E9A-4926-9BC4-4F3C081E8E24}.Release|Any CPU.Build.0 = Release|Any CPU
		{78FFF7E7-0A38-4A4C-BF95-529DBD249499}.Debug|Any CPU.ActiveCfg = Debug|Any CPU
		{78FFF7E7-0A38-4A4C-BF95-529DBD249499}.Debug|Any CPU.Build.0 = Debug|Any CPU
		{78FFF7E7-0A38-4A4C-BF95-529DBD249499}.Release|Any CPU.ActiveCfg = Release|Any CPU
		{78FFF7E7-0A38-4A4C-BF95-529DBD249499}.Release|Any CPU.Build.0 = Release|Any CPU
		{0A5CEFB8-1CEF-4D15-A13B-FE73092FABE7}.Debug|Any CPU.ActiveCfg = Debug|Any CPU
		{0A5CEFB8-1CEF-4D15-A13B-FE73092FABE7}.Debug|Any CPU.Build.0 = Debug|Any CPU
		{0A5CEFB8-1CEF-4D15-A13B-FE73092FABE7}.Release|Any CPU.ActiveCfg = Release|Any CPU
		{0A5CEFB8-1CEF-4D15-A13B-FE73092FABE7}.Release|Any CPU.Build.0 = Release|Any CPU
		{8C1CF2B5-C4B6-4A3C-B024-340288650CC3}.Debug|Any CPU.ActiveCfg = Debug|Any CPU
		{8C1CF2B5-C4B6-4A3C-B024-340288650CC3}.Debug|Any CPU.Build.0 = Debug|Any CPU
		{8C1CF2B5-C4B6-4A3C-B024-340288650CC3}.Release|Any CPU.ActiveCfg = Release|Any CPU
		{8C1CF2B5-C4B6-4A3C-B024-340288650CC3}.Release|Any CPU.Build.0 = Release|Any CPU
	EndGlobalSection
	GlobalSection(SolutionProperties) = preSolution
		HideSolutionNode = FALSE
	EndGlobalSection
	GlobalSection(ExtensibilityGlobals) = postSolution
		SolutionGuid = {4A1E61EE-4D4F-45CF-A617-681B0E720D2D}
	EndGlobalSection
EndGlobal
